{
  "version": 4,
  "terraform_version": "1.16.0",
  "serial": 13,
  "lineage": "56701e7e-5812-ec2a-3239-227872036a6d",
  "outputs": {},
  "resources": [
    {
      "mode": "managed",
      "type": "local_file",
      "name": "my_file",
      "provider": "provider[\"registry.terraform.io/hashicorp/local\"]",
      "instances": [
        {
          "schema_version": 0,
          "attributes": {
            "content": "Terraform Provider Task",
            "content_base64": null,
            "content_base64sha256": "yN3Jn13TAd26DwWxoq8faGAbj3EQjrjO6T2EdK//TX8=",
            "content_base64sha512": "tvCph3ntNJiQmu+VqlHnwbx6QVslyEDYyoxhVuncOO2MzHgJPV2wMY2z1goGYaHgEegKrKJCgkNq7+l9KriQ+w==",
            "content_md5": "a73aae35d61d3792bec3f177a372350e",
            "content_sha1": "dddd3e310a83b6521c2f1734d2a34ce3b755aa36",
            "content_sha256": "c8ddc99f5dd301ddba0f05b1a2af1f68601b8f71108eb8cee93d8474afff4d7f",
            "content_sha512": "b6f0a98779ed3498909aef95aa51e7c1bc7a415b25c840d8ca8c6156e9dc38ed8ccc78093d5db0318db3d60a0661a1e011e80aaca24282436aefe97d2ab890fb",
            "directory_permission": "0777",
            "file_permission": "0777",
            "filename": "pets.txt",
            "id": "dddd3e310a83b6521c2f1734d2a34ce3b755aa36",
            "sensitive_content": null,
            "source": null
          },
          "sensitive_attributes": [
            [
              {
                "type": "get_attr",
                "value": "sensitive_content"
              }
            ]
          ],
          "identity_schema_version": 0
        }
      ]
    },
    {
      "mode": "managed",
      "type": "random_pet",
      "name": "my_pet",
      "provider": "provider[\"registry.terraform.io/hashicorp/random\"]",
      "instances": [
        {
          "schema_version": 0,
          "attributes": {
            "id": "DevOps-honest-mongoose",
            "keepers": null,
            "length": 2,
            "prefix": "DevOps",
            "separator": "-"
          },
          "sensitive_attributes": [],
          "identity_schema_version": 0
        }
      ]
    }
  ],
  "check_results": null
}
