{
  "version": 4,
  "terraform_version": "1.16.0",
  "serial": 18,
  "lineage": "56701e7e-5812-ec2a-3239-227872036a6d",
  "outputs": {},
  "resources": [
    {
      "mode": "managed",
      "type": "local_file",
      "name": "my_pet",
      "provider": "provider[\"registry.terraform.io/hashicorp/local\"]",
      "instances": [
        {
          "schema_version": 0,
          "attributes": {
            "content": "I hate pets!",
            "content_base64": null,
            "content_base64sha256": "VXWDGgzDMIHIrcPbOLwndHucg9T/6cPog76c74MER3k=",
            "content_base64sha512": "gphuddUnvCD8H3w2E3azY7VzUdGkIrJZIsWx8vOoKJaqSyCdWLTz1cOfP0wExE34+zUsuXB20DVvmfGbDOeoRg==",
            "content_md5": "bb9fbae6fa370c5939b73f3008fe3430",
            "content_sha1": "36326fdc4241349c21518b500f3eff6fa34691ef",
            "content_sha256": "5575831a0cc33081c8adc3db38bc27747b9c83d4ffe9c3e883be9cef83044779",
            "content_sha512": "82986e75d527bc20fc1f7c361376b363b57351d1a422b25922c5b1f2f3a82896aa4b209d58b4f3d5c39f3f4c04c44df8fb352cb97076d0356f99f19b0ce7a846",
            "directory_permission": "0777",
            "file_permission": "0777",
            "filename": "pets.txt",
            "id": "36326fdc4241349c21518b500f3eff6fa34691ef",
            "sensitive_content": null,
            "source": null
          },
          "sensitive_attributes": [
            [
              {
                "type": "get_attr",
                "value": "sensitive_content"
              }
            ]
          ],
          "identity_schema_version": 0
        }
      ]
    },
    {
      "mode": "managed",
      "type": "random_pet",
      "name": "my-pet",
      "provider": "provider[\"registry.terraform.io/hashicorp/random\"]",
      "instances": [
        {
          "schema_version": 0,
          "attributes": {
            "id": "Miss.gator",
            "keepers": null,
            "length": 1,
            "prefix": "Miss",
            "separator": "."
          },
          "sensitive_attributes": [],
          "identity_schema_version": 0
        }
      ]
    }
  ],
  "check_results": null
}
